// !$*UTF8*$!
{
	archiveVersion = 1;
	classes = {
	};
	objectVersion = 56;
	objects = {

/* Begin PBXBuildFile section */
		4910C0EB2BB137DD00576A77 /* AppDelegate.swift in Sources */ = {isa = PBXBuildFile; fileRef = 4910C0EA2BB137DD00576A77 /* AppDelegate.swift */; };
		4910C0ED2BB137DD00576A77 /* SceneDelegate.swift in Sources */ = {isa = PBXBuildFile; fileRef = 4910C0EC2BB137DD00576A77 /* SceneDelegate.swift */; };
		4910C0EF2BB137DD00576A77 /* LoginScreenViewController.swift in Sources */ = {isa = PBXBuildFile; fileRef = 4910C0EE2BB137DD00576A77 /* LoginScreenViewController.swift */; };
		4910C0F22BB137DD00576A77 /* Main.storyboard in Resources */ = {isa = PBXBuildFile; fileRef = 4910C0F02BB137DD00576A77 /* Main.storyboard */; };
		4910C0F52BB137DD00576A77 /* ParentalControl.xcdatamodeld in Sources */ = {isa = PBXBuildFile; fileRef = 4910C0F32BB137DD00576A77 /* ParentalControl.xcdatamodeld */; };
		4910C0F72BB137DF00576A77 /* Assets.xcassets in Resources */ = {isa = PBXBuildFile; fileRef = 4910C0F62BB137DF00576A77 /* Assets.xcassets */; };
		4910C0FA2BB137DF00576A77 /* LaunchScreen.storyboard in Resources */ = {isa = PBXBuildFile; fileRef = 4910C0F82BB137DF00576A77 /* LaunchScreen.storyboard */; };
		4910C1052BB137DF00576A77 /* ParentalControlTests.swift in Sources */ = {isa = PBXBuildFile; fileRef = 4910C1042BB137DF00576A77 /* ParentalControlTests.swift */; };
		4910C10F2BB137DF00576A77 /* ParentalControlUITests.swift in Sources */ = {isa = PBXBuildFile; fileRef = 4910C10E2BB137DF00576A77 /* ParentalControlUITests.swift */; };
		4910C1112BB137DF00576A77 /* ParentalControlUITestsLaunchTests.swift in Sources */ = {isa = PBXBuildFile; fileRef = 4910C1102BB137DF00576A77 /* ParentalControlUITestsLaunchTests.swift */; };
		49BF48C92BC4B0A2005C52AE /* LoggedInViewController.swift in Sources */ = {isa = PBXBuildFile; fileRef = 49BF48C72BC4B0A2005C52AE /* LoggedInViewController.swift */; };
		49BF48CA2BC4B0A2005C52AE /* LoggedInViewController.swift in Sources */ = {isa = PBXBuildFile; fileRef = 49BF48C72BC4B0A2005C52AE /* LoggedInViewController.swift */; };
		49BF48CB2BC4B0A2005C52AE /* LoggedInViewController.swift in Sources */ = {isa = PBXBuildFile; fileRef = 49BF48C72BC4B0A2005C52AE /* LoggedInViewController.swift */; };
		49BF48CC2BC4B0A2005C52AE /* LoggedInViewController.xib in Resources */ = {isa = PBXBuildFile; fileRef = 49BF48C82BC4B0A2005C52AE /* LoggedInViewController.xib */; };
		49BF48CD2BC4B0A2005C52AE /* LoggedInViewController.xib in Resources */ = {isa = PBXBuildFile; fileRef = 49BF48C82BC4B0A2005C52AE /* LoggedInViewController.xib */; };
		49BF48CE2BC4B0A2005C52AE /* LoggedInViewController.xib in Resources */ = {isa = PBXBuildFile; fileRef = 49BF48C82BC4B0A2005C52AE /* LoggedInViewController.xib */; };
		49BF48EF2BC4B136005C52AE /* CustomEmailTextField.swift in Sources */ = {isa = PBXBuildFile; fileRef = 49BF48EE2BC4B136005C52AE /* CustomEmailTextField.swift */; };
		49BF48F02BC4B136005C52AE /* CustomEmailTextField.swift in Sources */ = {isa = PBXBuildFile; fileRef = 49BF48EE2BC4B136005C52AE /* CustomEmailTextField.swift */; };
		49BF48F12BC4B136005C52AE /* CustomEmailTextField.swift in Sources */ = {isa = PBXBuildFile; fileRef = 49BF48EE2BC4B136005C52AE /* CustomEmailTextField.swift */; };
		49BF48F32BC4B143005C52AE /* CustomEmailTextField.xib in Resources */ = {isa = PBXBuildFile; fileRef = 49BF48F22BC4B143005C52AE /* CustomEmailTextField.xib */; };
		49BF48F42BC4B143005C52AE /* CustomEmailTextField.xib in Resources */ = {isa = PBXBuildFile; fileRef = 49BF48F22BC4B143005C52AE /* CustomEmailTextField.xib */; };
		49BF48F52BC4B143005C52AE /* CustomEmailTextField.xib in Resources */ = {isa = PBXBuildFile; fileRef = 49BF48F22BC4B143005C52AE /* CustomEmailTextField.xib */; };
		49BF48F72BC4B151005C52AE /* CustomPasswordTextField.swift in Sources */ = {isa = PBXBuildFile; fileRef = 49BF48F62BC4B151005C52AE /* CustomPasswordTextField.swift */; };
		49BF48F82BC4B151005C52AE /* CustomPasswordTextField.swift in Sources */ = {isa = PBXBuildFile; fileRef = 49BF48F62BC4B151005C52AE /* CustomPasswordTextField.swift */; };
		49BF48F92BC4B151005C52AE /* CustomPasswordTextField.swift in Sources */ = {isa = PBXBuildFile; fileRef = 49BF48F62BC4B151005C52AE /* CustomPasswordTextField.swift */; };
		49BF48FB2BC4B15D005C52AE /* CustomPasswordTextField.xib in Resources */ = {isa = PBXBuildFile; fileRef = 49BF48FA2BC4B15D005C52AE /* CustomPasswordTextField.xib */; };
		49BF48FC2BC4B15D005C52AE /* CustomPasswordTextField.xib in Resources */ = {isa = PBXBuildFile; fileRef = 49BF48FA2BC4B15D005C52AE /* CustomPasswordTextField.xib */; };
		49BF48FD2BC4B15D005C52AE /* CustomPasswordTextField.xib in Resources */ = {isa = PBXBuildFile; fileRef = 49BF48FA2BC4B15D005C52AE /* CustomPasswordTextField.xib */; };
		49BF49072BC4B29F005C52AE /* ChildDashboardViewController.xib in Resources */ = {isa = PBXBuildFile; fileRef = 49BF48FF2BC4B29F005C52AE /* ChildDashboardViewController.xib */; };
		49BF49082BC4B29F005C52AE /* ChildDashboardViewController.xib in Resources */ = {isa = PBXBuildFile; fileRef = 49BF48FF2BC4B29F005C52AE /* ChildDashboardViewController.xib */; };
		49BF49092BC4B29F005C52AE /* ChildDashboardViewController.xib in Resources */ = {isa = PBXBuildFile; fileRef = 49BF48FF2BC4B29F005C52AE /* ChildDashboardViewController.xib */; };
		49BF490A2BC4B29F005C52AE /* ParentDashboardStatsView.xib in Resources */ = {isa = PBXBuildFile; fileRef = 49BF49002BC4B29F005C52AE /* ParentDashboardStatsView.xib */; };
		49BF490B2BC4B29F005C52AE /* ParentDashboardStatsView.xib in Resources */ = {isa = PBXBuildFile; fileRef = 49BF49002BC4B29F005C52AE /* ParentDashboardStatsView.xib */; };
		49BF490C2BC4B29F005C52AE /* ParentDashboardStatsView.xib in Resources */ = {isa = PBXBuildFile; fileRef = 49BF49002BC4B29F005C52AE /* ParentDashboardStatsView.xib */; };
		49BF490D2BC4B29F005C52AE /* ParentDashboardStatsView.swift in Sources */ = {isa = PBXBuildFile; fileRef = 49BF49012BC4B29F005C52AE /* ParentDashboardStatsView.swift */; };
		49BF490E2BC4B29F005C52AE /* ParentDashboardStatsView.swift in Sources */ = {isa = PBXBuildFile; fileRef = 49BF49012BC4B29F005C52AE /* ParentDashboardStatsView.swift */; };
		49BF490F2BC4B29F005C52AE /* ParentDashboardStatsView.swift in Sources */ = {isa = PBXBuildFile; fileRef = 49BF49012BC4B29F005C52AE /* ParentDashboardStatsView.swift */; };
		49BF49102BC4B29F005C52AE /* ChildDashboardStatsView.swift in Sources */ = {isa = PBXBuildFile; fileRef = 49BF49022BC4B29F005C52AE /* ChildDashboardStatsView.swift */; };
		49BF49112BC4B29F005C52AE /* ChildDashboardStatsView.swift in Sources */ = {isa = PBXBuildFile; fileRef = 49BF49022BC4B29F005C52AE /* ChildDashboardStatsView.swift */; };
		49BF49122BC4B29F005C52AE /* ChildDashboardStatsView.swift in Sources */ = {isa = PBXBuildFile; fileRef = 49BF49022BC4B29F005C52AE /* ChildDashboardStatsView.swift */; };
		49BF49132BC4B29F005C52AE /* ChildDashboardViewController.swift in Sources */ = {isa = PBXBuildFile; fileRef = 49BF49032BC4B29F005C52AE /* ChildDashboardViewController.swift */; };
		49BF49142BC4B29F005C52AE /* ChildDashboardViewController.swift in Sources */ = {isa = PBXBuildFile; fileRef = 49BF49032BC4B29F005C52AE /* ChildDashboardViewController.swift */; };
		49BF49152BC4B29F005C52AE /* ChildDashboardViewController.swift in Sources */ = {isa = PBXBuildFile; fileRef = 49BF49032BC4B29F005C52AE /* ChildDashboardViewController.swift */; };
		49BF49162BC4B29F005C52AE /* ParentDashboardViewController.swift in Sources */ = {isa = PBXBuildFile; fileRef = 49BF49042BC4B29F005C52AE /* ParentDashboardViewController.swift */; };
		49BF49172BC4B29F005C52AE /* ParentDashboardViewController.swift in Sources */ = {isa = PBXBuildFile; fileRef = 49BF49042BC4B29F005C52AE /* ParentDashboardViewController.swift */; };
		49BF49182BC4B29F005C52AE /* ParentDashboardViewController.swift in Sources */ = {isa = PBXBuildFile; fileRef = 49BF49042BC4B29F005C52AE /* ParentDashboardViewController.swift */; };
		49BF49192BC4B29F005C52AE /* ParentDashboardViewController.xib in Resources */ = {isa = PBXBuildFile; fileRef = 49BF49052BC4B29F005C52AE /* ParentDashboardViewController.xib */; };
		49BF491A2BC4B29F005C52AE /* ParentDashboardViewController.xib in Resources */ = {isa = PBXBuildFile; fileRef = 49BF49052BC4B29F005C52AE /* ParentDashboardViewController.xib */; };
		49BF491B2BC4B29F005C52AE /* ParentDashboardViewController.xib in Resources */ = {isa = PBXBuildFile; fileRef = 49BF49052BC4B29F005C52AE /* ParentDashboardViewController.xib */; };
		49BF491C2BC4B29F005C52AE /* ChildDashboardStatsView.xib in Resources */ = {isa = PBXBuildFile; fileRef = 49BF49062BC4B29F005C52AE /* ChildDashboardStatsView.xib */; };
		49BF491D2BC4B29F005C52AE /* ChildDashboardStatsView.xib in Resources */ = {isa = PBXBuildFile; fileRef = 49BF49062BC4B29F005C52AE /* ChildDashboardStatsView.xib */; };
		49BF491E2BC4B29F005C52AE /* ChildDashboardStatsView.xib in Resources */ = {isa = PBXBuildFile; fileRef = 49BF49062BC4B29F005C52AE /* ChildDashboardStatsView.xib */; };
		49BF492F2BC4B648005C52AE /* UserSelectionViewController.swift in Sources */ = {isa = PBXBuildFile; fileRef = 49BF492D2BC4B648005C52AE /* UserSelectionViewController.swift */; };
		49BF49302BC4B648005C52AE /* UserSelectionViewController.xib in Resources */ = {isa = PBXBuildFile; fileRef = 49BF492E2BC4B648005C52AE /* UserSelectionViewController.xib */; };
		49BF49322BC4B66C005C52AE /* UserParentSelectionView.swift in Sources */ = {isa = PBXBuildFile; fileRef = 49BF49312BC4B66C005C52AE /* UserParentSelectionView.swift */; };
		49BF49332BC4B66C005C52AE /* UserParentSelectionView.swift in Sources */ = {isa = PBXBuildFile; fileRef = 49BF49312BC4B66C005C52AE /* UserParentSelectionView.swift */; };
		49BF49342BC4B66C005C52AE /* UserParentSelectionView.swift in Sources */ = {isa = PBXBuildFile; fileRef = 49BF49312BC4B66C005C52AE /* UserParentSelectionView.swift */; };
		49BF49362BC4B67E005C52AE /* UserParentSelectionView.xib in Resources */ = {isa = PBXBuildFile; fileRef = 49BF49352BC4B67E005C52AE /* UserParentSelectionView.xib */; };
		49BF49372BC4B67E005C52AE /* UserParentSelectionView.xib in Resources */ = {isa = PBXBuildFile; fileRef = 49BF49352BC4B67E005C52AE /* UserParentSelectionView.xib */; };
		49BF49382BC4B67E005C52AE /* UserParentSelectionView.xib in Resources */ = {isa = PBXBuildFile; fileRef = 49BF49352BC4B67E005C52AE /* UserParentSelectionView.xib */; };
		49BF493A2BC4B68C005C52AE /* UserChildSelectionView.swift in Sources */ = {isa = PBXBuildFile; fileRef = 49BF49392BC4B68C005C52AE /* UserChildSelectionView.swift */; };
		49BF493B2BC4B68C005C52AE /* UserChildSelectionView.swift in Sources */ = {isa = PBXBuildFile; fileRef = 49BF49392BC4B68C005C52AE /* UserChildSelectionView.swift */; };
		49BF493C2BC4B68C005C52AE /* UserChildSelectionView.swift in Sources */ = {isa = PBXBuildFile; fileRef = 49BF49392BC4B68C005C52AE /* UserChildSelectionView.swift */; };
		49BF493E2BC4B697005C52AE /* UserChildSelectionView.xib in Resources */ = {isa = PBXBuildFile; fileRef = 49BF493D2BC4B697005C52AE /* UserChildSelectionView.xib */; };
		49BF493F2BC4B697005C52AE /* UserChildSelectionView.xib in Resources */ = {isa = PBXBuildFile; fileRef = 49BF493D2BC4B697005C52AE /* UserChildSelectionView.xib */; };
		49BF49402BC4B697005C52AE /* UserChildSelectionView.xib in Resources */ = {isa = PBXBuildFile; fileRef = 49BF493D2BC4B697005C52AE /* UserChildSelectionView.xib */; };
		49BF49442BC4B929005C52AE /* LoginViewModel.swift in Sources */ = {isa = PBXBuildFile; fileRef = 49BF49432BC4B929005C52AE /* LoginViewModel.swift */; };
		49BF49452BC4B929005C52AE /* LoginViewModel.swift in Sources */ = {isa = PBXBuildFile; fileRef = 49BF49432BC4B929005C52AE /* LoginViewModel.swift */; };
		49BF49462BC4B929005C52AE /* LoginViewModel.swift in Sources */ = {isa = PBXBuildFile; fileRef = 49BF49432BC4B929005C52AE /* LoginViewModel.swift */; };
		49BF494C2BC4B946005C52AE /* LoginVerificationViewModel.swift in Sources */ = {isa = PBXBuildFile; fileRef = 49BF494B2BC4B946005C52AE /* LoginVerificationViewModel.swift */; };
		49BF494D2BC4B946005C52AE /* LoginVerificationViewModel.swift in Sources */ = {isa = PBXBuildFile; fileRef = 49BF494B2BC4B946005C52AE /* LoginVerificationViewModel.swift */; };
		49BF494E2BC4B946005C52AE /* LoginVerificationViewModel.swift in Sources */ = {isa = PBXBuildFile; fileRef = 49BF494B2BC4B946005C52AE /* LoginVerificationViewModel.swift */; };
		49BF49502BC4B950005C52AE /* OTPVerificationViewModel.swift in Sources */ = {isa = PBXBuildFile; fileRef = 49BF494F2BC4B950005C52AE /* OTPVerificationViewModel.swift */; };
		49BF49512BC4B950005C52AE /* OTPVerificationViewModel.swift in Sources */ = {isa = PBXBuildFile; fileRef = 49BF494F2BC4B950005C52AE /* OTPVerificationViewModel.swift */; };
		49BF49522BC4B950005C52AE /* OTPVerificationViewModel.swift in Sources */ = {isa = PBXBuildFile; fileRef = 49BF494F2BC4B950005C52AE /* OTPVerificationViewModel.swift */; };
		49BF49552BC4B9C9005C52AE /* LoginVerificationModel.swift in Sources */ = {isa = PBXBuildFile; fileRef = 49BF49542BC4B9C9005C52AE /* LoginVerificationModel.swift */; };
		49BF49562BC4B9C9005C52AE /* LoginVerificationModel.swift in Sources */ = {isa = PBXBuildFile; fileRef = 49BF49542BC4B9C9005C52AE /* LoginVerificationModel.swift */; };
		49BF49572BC4B9C9005C52AE /* LoginVerificationModel.swift in Sources */ = {isa = PBXBuildFile; fileRef = 49BF49542BC4B9C9005C52AE /* LoginVerificationModel.swift */; };
		49BF49592BC4B9CF005C52AE /* LoginModel.swift in Sources */ = {isa = PBXBuildFile; fileRef = 49BF49582BC4B9CF005C52AE /* LoginModel.swift */; };
		49BF495A2BC4B9CF005C52AE /* LoginModel.swift in Sources */ = {isa = PBXBuildFile; fileRef = 49BF49582BC4B9CF005C52AE /* LoginModel.swift */; };
		49BF495B2BC4B9CF005C52AE /* LoginModel.swift in Sources */ = {isa = PBXBuildFile; fileRef = 49BF49582BC4B9CF005C52AE /* LoginModel.swift */; };
		49BF495D2BC4B9D8005C52AE /* OTPVerificationModel.swift in Sources */ = {isa = PBXBuildFile; fileRef = 49BF495C2BC4B9D8005C52AE /* OTPVerificationModel.swift */; };
		49BF495E2BC4B9D8005C52AE /* OTPVerificationModel.swift in Sources */ = {isa = PBXBuildFile; fileRef = 49BF495C2BC4B9D8005C52AE /* OTPVerificationModel.swift */; };
		49BF495F2BC4B9D8005C52AE /* OTPVerificationModel.swift in Sources */ = {isa = PBXBuildFile; fileRef = 49BF495C2BC4B9D8005C52AE /* OTPVerificationModel.swift */; };
		49BF49612BC4BA1B005C52AE /* LoginNetworkManager.swift in Sources */ = {isa = PBXBuildFile; fileRef = 49BF49602BC4BA1B005C52AE /* LoginNetworkManager.swift */; };
		49BF49622BC4BA1B005C52AE /* LoginNetworkManager.swift in Sources */ = {isa = PBXBuildFile; fileRef = 49BF49602BC4BA1B005C52AE /* LoginNetworkManager.swift */; };
		49BF49632BC4BA1B005C52AE /* LoginNetworkManager.swift in Sources */ = {isa = PBXBuildFile; fileRef = 49BF49602BC4BA1B005C52AE /* LoginNetworkManager.swift */; };
		49BF49662BC4C959005C52AE /* LoginVerificationNetworkManager.swift in Sources */ = {isa = PBXBuildFile; fileRef = 49BF49652BC4C959005C52AE /* LoginVerificationNetworkManager.swift */; };
		49BF49682BC4C96C005C52AE /* OTPVerificationNetworkManager.swift in Sources */ = {isa = PBXBuildFile; fileRef = 49BF49672BC4C96C005C52AE /* OTPVerificationNetworkManager.swift */; };
/* End PBXBuildFile section */

/* Begin PBXContainerItemProxy section */
		4910C1012BB137DF00576A77 /* PBXContainerItemProxy */ = {
			isa = PBXContainerItemProxy;
			containerPortal = 4910C0DF2BB137DC00576A77 /* Project object */;
			proxyType = 1;
			remoteGlobalIDString = 4910C0E62BB137DD00576A77;
			remoteInfo = ParentalControl;
		};
		4910C10B2BB137DF00576A77 /* PBXContainerItemProxy */ = {
			isa = PBXContainerItemProxy;
			containerPortal = 4910C0DF2BB137DC00576A77 /* Project object */;
			proxyType = 1;
			remoteGlobalIDString = 4910C0E62BB137DD00576A77;
			remoteInfo = ParentalControl;
		};
/* End PBXContainerItemProxy section */

/* Begin PBXFileReference section */
		4910C0E72BB137DD00576A77 /* ParentalControl.app */ = {isa = PBXFileReference; explicitFileType = wrapper.application; includeInIndex = 0; path = ParentalControl.app; sourceTree = BUILT_PRODUCTS_DIR; };
		4910C0EA2BB137DD00576A77 /* AppDelegate.swift */ = {isa = PBXFileReference; lastKnownFileType = sourcecode.swift; path = AppDelegate.swift; sourceTree = "<group>"; };
		4910C0EC2BB137DD00576A77 /* SceneDelegate.swift */ = {isa = PBXFileReference; lastKnownFileType = sourcecode.swift; path = SceneDelegate.swift; sourceTree = "<group>"; };
		4910C0EE2BB137DD00576A77 /* LoginScreenViewController.swift */ = {isa = PBXFileReference; lastKnownFileType = sourcecode.swift; path = LoginScreenViewController.swift; sourceTree = "<group>"; };
		4910C0F12BB137DD00576A77 /* Base */ = {isa = PBXFileReference; lastKnownFileType = file.storyboard; name = Base; path = Base.lproj/Main.storyboard; sourceTree = "<group>"; };
		4910C0F42BB137DD00576A77 /* ParentalControl.xcdatamodel */ = {isa = PBXFileReference; lastKnownFileType = wrapper.xcdatamodel; path = ParentalControl.xcdatamodel; sourceTree = "<group>"; };
		4910C0F62BB137DF00576A77 /* Assets.xcassets */ = {isa = PBXFileReference; lastKnownFileType = folder.assetcatalog; path = Assets.xcassets; sourceTree = "<group>"; };
		4910C0F92BB137DF00576A77 /* Base */ = {isa = PBXFileReference; lastKnownFileType = file.storyboard; name = Base; path = Base.lproj/LaunchScreen.storyboard; sourceTree = "<group>"; };
		4910C0FB2BB137DF00576A77 /* Info.plist */ = {isa = PBXFileReference; lastKnownFileType = text.plist.xml; path = Info.plist; sourceTree = "<group>"; };
		4910C1002BB137DF00576A77 /* ParentalControlTests.xctest */ = {isa = PBXFileReference; explicitFileType = wrapper.cfbundle; includeInIndex = 0; path = ParentalControlTests.xctest; sourceTree = BUILT_PRODUCTS_DIR; };
		4910C1042BB137DF00576A77 /* ParentalControlTests.swift */ = {isa = PBXFileReference; lastKnownFileType = sourcecode.swift; path = ParentalControlTests.swift; sourceTree = "<group>"; };
		4910C10A2BB137DF00576A77 /* ParentalControlUITests.xctest */ = {isa = PBXFileReference; explicitFileType = wrapper.cfbundle; includeInIndex = 0; path = ParentalControlUITests.xctest; sourceTree = BUILT_PRODUCTS_DIR; };
		4910C10E2BB137DF00576A77 /* ParentalControlUITests.swift */ = {isa = PBXFileReference; lastKnownFileType = sourcecode.swift; path = ParentalControlUITests.swift; sourceTree = "<group>"; };
		4910C1102BB137DF00576A77 /* ParentalControlUITestsLaunchTests.swift */ = {isa = PBXFileReference; lastKnownFileType = sourcecode.swift; path = ParentalControlUITestsLaunchTests.swift; sourceTree = "<group>"; };
		49BF48C72BC4B0A2005C52AE /* LoggedInViewController.swift */ = {isa = PBXFileReference; lastKnownFileType = sourcecode.swift; path = LoggedInViewController.swift; sourceTree = "<group>"; };
		49BF48C82BC4B0A2005C52AE /* LoggedInViewController.xib */ = {isa = PBXFileReference; lastKnownFileType = file.xib; path = LoggedInViewController.xib; sourceTree = "<group>"; };
		49BF48EE2BC4B136005C52AE /* CustomEmailTextField.swift */ = {isa = PBXFileReference; lastKnownFileType = sourcecode.swift; path = CustomEmailTextField.swift; sourceTree = "<group>"; };
		49BF48F22BC4B143005C52AE /* CustomEmailTextField.xib */ = {isa = PBXFileReference; lastKnownFileType = file.xib; path = CustomEmailTextField.xib; sourceTree = "<group>"; };
		49BF48F62BC4B151005C52AE /* CustomPasswordTextField.swift */ = {isa = PBXFileReference; lastKnownFileType = sourcecode.swift; path = CustomPasswordTextField.swift; sourceTree = "<group>"; };
		49BF48FA2BC4B15D005C52AE /* CustomPasswordTextField.xib */ = {isa = PBXFileReference; lastKnownFileType = file.xib; path = CustomPasswordTextField.xib; sourceTree = "<group>"; };
		49BF48FF2BC4B29F005C52AE /* ChildDashboardViewController.xib */ = {isa = PBXFileReference; fileEncoding = 4; lastKnownFileType = file.xib; path = ChildDashboardViewController.xib; sourceTree = "<group>"; };
		49BF49002BC4B29F005C52AE /* ParentDashboardStatsView.xib */ = {isa = PBXFileReference; fileEncoding = 4; lastKnownFileType = file.xib; path = ParentDashboardStatsView.xib; sourceTree = "<group>"; };
		49BF49012BC4B29F005C52AE /* ParentDashboardStatsView.swift */ = {isa = PBXFileReference; fileEncoding = 4; lastKnownFileType = sourcecode.swift; path = ParentDashboardStatsView.swift; sourceTree = "<group>"; };
		49BF49022BC4B29F005C52AE /* ChildDashboardStatsView.swift */ = {isa = PBXFileReference; fileEncoding = 4; lastKnownFileType = sourcecode.swift; path = ChildDashboardStatsView.swift; sourceTree = "<group>"; };
		49BF49032BC4B29F005C52AE /* ChildDashboardViewController.swift */ = {isa = PBXFileReference; fileEncoding = 4; lastKnownFileType = sourcecode.swift; path = ChildDashboardViewController.swift; sourceTree = "<group>"; };
		49BF49042BC4B29F005C52AE /* ParentDashboardViewController.swift */ = {isa = PBXFileReference; fileEncoding = 4; lastKnownFileType = sourcecode.swift; path = ParentDashboardViewController.swift; sourceTree = "<group>"; };
		49BF49052BC4B29F005C52AE /* ParentDashboardViewController.xib */ = {isa = PBXFileReference; fileEncoding = 4; lastKnownFileType = file.xib; path = ParentDashboardViewController.xib; sourceTree = "<group>"; };
		49BF49062BC4B29F005C52AE /* ChildDashboardStatsView.xib */ = {isa = PBXFileReference; fileEncoding = 4; lastKnownFileType = file.xib; path = ChildDashboardStatsView.xib; sourceTree = "<group>"; };
		49BF492D2BC4B648005C52AE /* UserSelectionViewController.swift */ = {isa = PBXFileReference; lastKnownFileType = sourcecode.swift; path = UserSelectionViewController.swift; sourceTree = "<group>"; };
		49BF492E2BC4B648005C52AE /* UserSelectionViewController.xib */ = {isa = PBXFileReference; lastKnownFileType = file.xib; path = UserSelectionViewController.xib; sourceTree = "<group>"; };
		49BF49312BC4B66C005C52AE /* UserParentSelectionView.swift */ = {isa = PBXFileReference; lastKnownFileType = sourcecode.swift; path = UserParentSelectionView.swift; sourceTree = "<group>"; };
		49BF49352BC4B67E005C52AE /* UserParentSelectionView.xib */ = {isa = PBXFileReference; lastKnownFileType = file.xib; path = UserParentSelectionView.xib; sourceTree = "<group>"; };
		49BF49392BC4B68C005C52AE /* UserChildSelectionView.swift */ = {isa = PBXFileReference; lastKnownFileType = sourcecode.swift; path = UserChildSelectionView.swift; sourceTree = "<group>"; };
		49BF493D2BC4B697005C52AE /* UserChildSelectionView.xib */ = {isa = PBXFileReference; lastKnownFileType = file.xib; path = UserChildSelectionView.xib; sourceTree = "<group>"; };
		49BF49432BC4B929005C52AE /* LoginViewModel.swift */ = {isa = PBXFileReference; lastKnownFileType = sourcecode.swift; path = LoginViewModel.swift; sourceTree = "<group>"; };
		49BF494B2BC4B946005C52AE /* LoginVerificationViewModel.swift */ = {isa = PBXFileReference; lastKnownFileType = sourcecode.swift; path = LoginVerificationViewModel.swift; sourceTree = "<group>"; };
		49BF494F2BC4B950005C52AE /* OTPVerificationViewModel.swift */ = {isa = PBXFileReference; lastKnownFileType = sourcecode.swift; path = OTPVerificationViewModel.swift; sourceTree = "<group>"; };
		49BF49542BC4B9C9005C52AE /* LoginVerificationModel.swift */ = {isa = PBXFileReference; lastKnownFileType = sourcecode.swift; path = LoginVerificationModel.swift; sourceTree = "<group>"; };
		49BF49582BC4B9CF005C52AE /* LoginModel.swift */ = {isa = PBXFileReference; lastKnownFileType = sourcecode.swift; path = LoginModel.swift; sourceTree = "<group>"; };
		49BF495C2BC4B9D8005C52AE /* OTPVerificationModel.swift */ = {isa = PBXFileReference; lastKnownFileType = sourcecode.swift; path = OTPVerificationModel.swift; sourceTree = "<group>"; };
		49BF49602BC4BA1B005C52AE /* LoginNetworkManager.swift */ = {isa = PBXFileReference; lastKnownFileType = sourcecode.swift; path = LoginNetworkManager.swift; sourceTree = "<group>"; };
		49BF49652BC4C959005C52AE /* LoginVerificationNetworkManager.swift */ = {isa = PBXFileReference; lastKnownFileType = sourcecode.swift; path = LoginVerificationNetworkManager.swift; sourceTree = "<group>"; };
		49BF49672BC4C96C005C52AE /* OTPVerificationNetworkManager.swift */ = {isa = PBXFileReference; lastKnownFileType = sourcecode.swift; path = OTPVerificationNetworkManager.swift; sourceTree = "<group>"; };
/* End PBXFileReference section */

/* Begin PBXFrameworksBuildPhase section */
		4910C0E42BB137DD00576A77 /* Frameworks */ = {
			isa = PBXFrameworksBuildPhase;
			buildActionMask = 2147483647;
			files = (
			);
			runOnlyForDeploymentPostprocessing = 0;
		};
		4910C0FD2BB137DF00576A77 /* Frameworks */ = {
			isa = PBXFrameworksBuildPhase;
			buildActionMask = 2147483647;
			files = (
			);
			runOnlyForDeploymentPostprocessing = 0;
		};
		4910C1072BB137DF00576A77 /* Frameworks */ = {
			isa = PBXFrameworksBuildPhase;
			buildActionMask = 2147483647;
			files = (
			);
			runOnlyForDeploymentPostprocessing = 0;
		};
/* End PBXFrameworksBuildPhase section */

/* Begin PBXGroup section */
		4910C0DE2BB137DC00576A77 = {
			isa = PBXGroup;
			children = (
				4910C0E92BB137DD00576A77 /* ParentalControl */,
				4910C1032BB137DF00576A77 /* ParentalControlTests */,
				4910C10D2BB137DF00576A77 /* ParentalControlUITests */,
				4910C0E82BB137DD00576A77 /* Products */,
			);
			sourceTree = "<group>";
		};
		4910C0E82BB137DD00576A77 /* Products */ = {
			isa = PBXGroup;
			children = (
				4910C0E72BB137DD00576A77 /* ParentalControl.app */,
				4910C1002BB137DF00576A77 /* ParentalControlTests.xctest */,
				4910C10A2BB137DF00576A77 /* ParentalControlUITests.xctest */,
			);
			name = Products;
			sourceTree = "<group>";
		};
		4910C0E92BB137DD00576A77 /* ParentalControl */ = {
			isa = PBXGroup;
			children = (
				4910C0EA2BB137DD00576A77 /* AppDelegate.swift */,
				4910C0EC2BB137DD00576A77 /* SceneDelegate.swift */,
				49BF48FE2BC4B29F005C52AE /* Dashboard */,
				49BF492C2BC4B62D005C52AE /* UserSelection */,
				49BF48E12BC4B0FB005C52AE /* Authentication */,
				4910C0F62BB137DF00576A77 /* Assets.xcassets */,
				4910C0F82BB137DF00576A77 /* LaunchScreen.storyboard */,
				4910C0FB2BB137DF00576A77 /* Info.plist */,
				4910C0F32BB137DD00576A77 /* ParentalControl.xcdatamodeld */,
			);
			path = ParentalControl;
			sourceTree = "<group>";
		};
		4910C1032BB137DF00576A77 /* ParentalControlTests */ = {
			isa = PBXGroup;
			children = (
				4910C1042BB137DF00576A77 /* ParentalControlTests.swift */,
			);
			path = ParentalControlTests;
			sourceTree = "<group>";
		};
		4910C10D2BB137DF00576A77 /* ParentalControlUITests */ = {
			isa = PBXGroup;
			children = (
				4910C10E2BB137DF00576A77 /* ParentalControlUITests.swift */,
				4910C1102BB137DF00576A77 /* ParentalControlUITestsLaunchTests.swift */,
			);
			path = ParentalControlUITests;
			sourceTree = "<group>";
		};
		49BF48C62BC4B06B005C52AE /* View */ = {
			isa = PBXGroup;
			children = (
				4910C0EE2BB137DD00576A77 /* LoginScreenViewController.swift */,
				49BF48C72BC4B0A2005C52AE /* LoggedInViewController.swift */,
				49BF48C82BC4B0A2005C52AE /* LoggedInViewController.xib */,
				4910C0F02BB137DD00576A77 /* Main.storyboard */,
				49BF48EE2BC4B136005C52AE /* CustomEmailTextField.swift */,
				49BF48F22BC4B143005C52AE /* CustomEmailTextField.xib */,
				49BF48F62BC4B151005C52AE /* CustomPasswordTextField.swift */,
				49BF48FA2BC4B15D005C52AE /* CustomPasswordTextField.xib */,
			);
			path = View;
			sourceTree = "<group>";
		};
		49BF48E12BC4B0FB005C52AE /* Authentication */ = {
			isa = PBXGroup;
			children = (
				49BF48C62BC4B06B005C52AE /* View */,
				49BF49692BC4C981005C52AE /* Network */,
				49BF49532BC4B9B5005C52AE /* Model */,
				49BF49422BC4B90F005C52AE /* ViewModel */,
			);
			path = Authentication;
			sourceTree = "<group>";
		};
		49BF48FE2BC4B29F005C52AE /* Dashboard */ = {
			isa = PBXGroup;
			children = (
				49BF48FF2BC4B29F005C52AE /* ChildDashboardViewController.xib */,
				49BF49002BC4B29F005C52AE /* ParentDashboardStatsView.xib */,
				49BF49012BC4B29F005C52AE /* ParentDashboardStatsView.swift */,
				49BF49022BC4B29F005C52AE /* ChildDashboardStatsView.swift */,
				49BF49032BC4B29F005C52AE /* ChildDashboardViewController.swift */,
				49BF49042BC4B29F005C52AE /* ParentDashboardViewController.swift */,
				49BF49052BC4B29F005C52AE /* ParentDashboardViewController.xib */,
				49BF49062BC4B29F005C52AE /* ChildDashboardStatsView.xib */,
			);
			name = Dashboard;
			path = ../../CorenrollDemo/ParentalControlSoftware/Dashboard;
			sourceTree = "<group>";
		};
		49BF492C2BC4B62D005C52AE /* UserSelection */ = {
			isa = PBXGroup;
			children = (
				49BF492D2BC4B648005C52AE /* UserSelectionViewController.swift */,
				49BF492E2BC4B648005C52AE /* UserSelectionViewController.xib */,
				49BF49312BC4B66C005C52AE /* UserParentSelectionView.swift */,
				49BF49352BC4B67E005C52AE /* UserParentSelectionView.xib */,
				49BF49392BC4B68C005C52AE /* UserChildSelectionView.swift */,
				49BF493D2BC4B697005C52AE /* UserChildSelectionView.xib */,
			);
			path = UserSelection;
			sourceTree = "<group>";
		};
		49BF49422BC4B90F005C52AE /* ViewModel */ = {
			isa = PBXGroup;
			children = (
				49BF49432BC4B929005C52AE /* LoginViewModel.swift */,
				49BF494B2BC4B946005C52AE /* LoginVerificationViewModel.swift */,
				49BF494F2BC4B950005C52AE /* OTPVerificationViewModel.swift */,
			);
			path = ViewModel;
			sourceTree = "<group>";
		};
		49BF49532BC4B9B5005C52AE /* Model */ = {
			isa = PBXGroup;
			children = (
				49BF49542BC4B9C9005C52AE /* LoginVerificationModel.swift */,
				49BF49582BC4B9CF005C52AE /* LoginModel.swift */,
				49BF495C2BC4B9D8005C52AE /* OTPVerificationModel.swift */,
			);
			path = Model;
			sourceTree = "<group>";
		};
		49BF49692BC4C981005C52AE /* Network */ = {
			isa = PBXGroup;
			children = (
				49BF49602BC4BA1B005C52AE /* LoginNetworkManager.swift */,
				49BF49652BC4C959005C52AE /* LoginVerificationNetworkManager.swift */,
				49BF49672BC4C96C005C52AE /* OTPVerificationNetworkManager.swift */,
			);
			path = Network;
			sourceTree = "<group>";
		};
/* End PBXGroup section */

/* Begin PBXNativeTarget section */
		4910C0E62BB137DD00576A77 /* ParentalControl */ = {
			isa = PBXNativeTarget;
			buildConfigurationList = 4910C1142BB137DF00576A77 /* Build configuration list for PBXNativeTarget "ParentalControl" */;
			buildPhases = (
				4910C0E32BB137DD00576A77 /* Sources */,
				4910C0E42BB137DD00576A77 /* Frameworks */,
				4910C0E52BB137DD00576A77 /* Resources */,
			);
			buildRules = (
			);
			dependencies = (
			);
			name = ParentalControl;
			productName = ParentalControl;
			productReference = 4910C0E72BB137DD00576A77 /* ParentalControl.app */;
			productType = "com.apple.product-type.application";
		};
		4910C0FF2BB137DF00576A77 /* ParentalControlTests */ = {
			isa = PBXNativeTarget;
			buildConfigurationList = 4910C1172BB137DF00576A77 /* Build configuration list for PBXNativeTarget "ParentalControlTests" */;
			buildPhases = (
				4910C0FC2BB137DF00576A77 /* Sources */,
				4910C0FD2BB137DF00576A77 /* Frameworks */,
				4910C0FE2BB137DF00576A77 /* Resources */,
			);
			buildRules = (
			);
			dependencies = (
				4910C1022BB137DF00576A77 /* PBXTargetDependency */,
			);
			name = ParentalControlTests;
			productName = ParentalControlTests;
			productReference = 4910C1002BB137DF00576A77 /* ParentalControlTests.xctest */;
			productType = "com.apple.product-type.bundle.unit-test";
		};
		4910C1092BB137DF00576A77 /* ParentalControlUITests */ = {
			isa = PBXNativeTarget;
			buildConfigurationList = 4910C11A2BB137DF00576A77 /* Build configuration list for PBXNativeTarget "ParentalControlUITests" */;
			buildPhases = (
				4910C1062BB137DF00576A77 /* Sources */,
				4910C1072BB137DF00576A77 /* Frameworks */,
				4910C1082BB137DF00576A77 /* Resources */,
			);
			buildRules = (
			);
			dependencies = (
				4910C10C2BB137DF00576A77 /* PBXTargetDependency */,
			);
			name = ParentalControlUITests;
			productName = ParentalControlUITests;
			productReference = 4910C10A2BB137DF00576A77 /* ParentalControlUITests.xctest */;
			productType = "com.apple.product-type.bundle.ui-testing";
		};
/* End PBXNativeTarget section */

/* Begin PBXProject section */
		4910C0DF2BB137DC00576A77 /* Project object */ = {
			isa = PBXProject;
			attributes = {
				BuildIndependentTargetsInParallel = 1;
				LastSwiftUpdateCheck = 1510;
				LastUpgradeCheck = 1510;
				TargetAttributes = {
					4910C0E62BB137DD00576A77 = {
						CreatedOnToolsVersion = 15.1;
					};
					4910C0FF2BB137DF00576A77 = {
						CreatedOnToolsVersion = 15.1;
						TestTargetID = 4910C0E62BB137DD00576A77;
					};
					4910C1092BB137DF00576A77 = {
						CreatedOnToolsVersion = 15.1;
						TestTargetID = 4910C0E62BB137DD00576A77;
					};
				};
			};
			buildConfigurationList = 4910C0E22BB137DC00576A77 /* Build configuration list for PBXProject "ParentalControl" */;
			compatibilityVersion = "Xcode 14.0";
			developmentRegion = en;
			hasScannedForEncodings = 0;
			knownRegions = (
				en,
				Base,
			);
			mainGroup = 4910C0DE2BB137DC00576A77;
			productRefGroup = 4910C0E82BB137DD00576A77 /* Products */;
			projectDirPath = "";
			projectRoot = "";
			targets = (
				4910C0E62BB137DD00576A77 /* ParentalControl */,
				4910C0FF2BB137DF00576A77 /* ParentalControlTests */,
				4910C1092BB137DF00576A77 /* ParentalControlUITests */,
			);
		};
/* End PBXProject section */

/* Begin PBXResourcesBuildPhase section */
		4910C0E52BB137DD00576A77 /* Resources */ = {
			isa = PBXResourcesBuildPhase;
			buildActionMask = 2147483647;
			files = (
				49BF491C2BC4B29F005C52AE /* ChildDashboardStatsView.xib in Resources */,
				49BF49192BC4B29F005C52AE /* ParentDashboardViewController.xib in Resources */,
				4910C0FA2BB137DF00576A77 /* LaunchScreen.storyboard in Resources */,
				49BF490A2BC4B29F005C52AE /* ParentDashboardStatsView.xib in Resources */,
				49BF49072BC4B29F005C52AE /* ChildDashboardViewController.xib in Resources */,
				49BF49302BC4B648005C52AE /* UserSelectionViewController.xib in Resources */,
				49BF49362BC4B67E005C52AE /* UserParentSelectionView.xib in Resources */,
				49BF48FB2BC4B15D005C52AE /* CustomPasswordTextField.xib in Resources */,
				4910C0F72BB137DF00576A77 /* Assets.xcassets in Resources */,
				4910C0F22BB137DD00576A77 /* Main.storyboard in Resources */,
				49BF493E2BC4B697005C52AE /* UserChildSelectionView.xib in Resources */,
				49BF48F32BC4B143005C52AE /* CustomEmailTextField.xib in Resources */,
				49BF48CC2BC4B0A2005C52AE /* LoggedInViewController.xib in Resources */,
			);
			runOnlyForDeploymentPostprocessing = 0;
		};
		4910C0FE2BB137DF00576A77 /* Resources */ = {
			isa = PBXResourcesBuildPhase;
			buildActionMask = 2147483647;
			files = (
				49BF493F2BC4B697005C52AE /* UserChildSelectionView.xib in Resources */,
				49BF490B2BC4B29F005C52AE /* ParentDashboardStatsView.xib in Resources */,
				49BF49082BC4B29F005C52AE /* ChildDashboardViewController.xib in Resources */,
				49BF491D2BC4B29F005C52AE /* ChildDashboardStatsView.xib in Resources */,
				49BF48CD2BC4B0A2005C52AE /* LoggedInViewController.xib in Resources */,
				49BF491A2BC4B29F005C52AE /* ParentDashboardViewController.xib in Resources */,
				49BF48FC2BC4B15D005C52AE /* CustomPasswordTextField.xib in Resources */,
				49BF49372BC4B67E005C52AE /* UserParentSelectionView.xib in Resources */,
				49BF48F42BC4B143005C52AE /* CustomEmailTextField.xib in Resources */,
			);
			runOnlyForDeploymentPostprocessing = 0;
		};
		4910C1082BB137DF00576A77 /* Resources */ = {
			isa = PBXResourcesBuildPhase;
			buildActionMask = 2147483647;
			files = (
				49BF49402BC4B697005C52AE /* UserChildSelectionView.xib in Resources */,
				49BF490C2BC4B29F005C52AE /* ParentDashboardStatsView.xib in Resources */,
				49BF49092BC4B29F005C52AE /* ChildDashboardViewController.xib in Resources */,
				49BF491E2BC4B29F005C52AE /* ChildDashboardStatsView.xib in Resources */,
				49BF48CE2BC4B0A2005C52AE /* LoggedInViewController.xib in Resources */,
				49BF491B2BC4B29F005C52AE /* ParentDashboardViewController.xib in Resources */,
				49BF48FD2BC4B15D005C52AE /* CustomPasswordTextField.xib in Resources */,
				49BF49382BC4B67E005C52AE /* UserParentSelectionView.xib in Resources */,
				49BF48F52BC4B143005C52AE /* CustomEmailTextField.xib in Resources */,
			);
			runOnlyForDeploymentPostprocessing = 0;
		};
/* End PBXResourcesBuildPhase section */

/* Begin PBXSourcesBuildPhase section */
		4910C0E32BB137DD00576A77 /* Sources */ = {
			isa = PBXSourcesBuildPhase;
			buildActionMask = 2147483647;
			files = (
				49BF495D2BC4B9D8005C52AE /* OTPVerificationModel.swift in Sources */,
				49BF49682BC4C96C005C52AE /* OTPVerificationNetworkManager.swift in Sources */,
				49BF49592BC4B9CF005C52AE /* LoginModel.swift in Sources */,
				49BF48EF2BC4B136005C52AE /* CustomEmailTextField.swift in Sources */,
				49BF49612BC4BA1B005C52AE /* LoginNetworkManager.swift in Sources */,
				4910C0F52BB137DD00576A77 /* ParentalControl.xcdatamodeld in Sources */,
				4910C0EF2BB137DD00576A77 /* LoginScreenViewController.swift in Sources */,
				49BF49132BC4B29F005C52AE /* ChildDashboardViewController.swift in Sources */,
				49BF48C92BC4B0A2005C52AE /* LoggedInViewController.swift in Sources */,
				4910C0EB2BB137DD00576A77 /* AppDelegate.swift in Sources */,
				49BF494C2BC4B946005C52AE /* LoginVerificationViewModel.swift in Sources */,
				49BF490D2BC4B29F005C52AE /* ParentDashboardStatsView.swift in Sources */,
				4910C0ED2BB137DD00576A77 /* SceneDelegate.swift in Sources */,
				49BF49442BC4B929005C52AE /* LoginViewModel.swift in Sources */,
				49BF49662BC4C959005C52AE /* LoginVerificationNetworkManager.swift in Sources */,
				49BF492F2BC4B648005C52AE /* UserSelectionViewController.swift in Sources */,
				49BF493A2BC4B68C005C52AE /* UserChildSelectionView.swift in Sources */,
				49BF49502BC4B950005C52AE /* OTPVerificationViewModel.swift in Sources */,
				49BF49102BC4B29F005C52AE /* ChildDashboardStatsView.swift in Sources */,
				49BF49162BC4B29F005C52AE /* ParentDashboardViewController.swift in Sources */,
				49BF49322BC4B66C005C52AE /* UserParentSelectionView.swift in Sources */,
				49BF49552BC4B9C9005C52AE /* LoginVerificationModel.swift in Sources */,
				49BF48F72BC4B151005C52AE /* CustomPasswordTextField.swift in Sources */,
			);
			runOnlyForDeploymentPostprocessing = 0;
		};
		4910C0FC2BB137DF00576A77 /* Sources */ = {
			isa = PBXSourcesBuildPhase;
			buildActionMask = 2147483647;
			files = (
				49BF49622BC4BA1B005C52AE /* LoginNetworkManager.swift in Sources */,
				49BF48CA2BC4B0A2005C52AE /* LoggedInViewController.swift in Sources */,
				49BF490E2BC4B29F005C52AE /* ParentDashboardStatsView.swift in Sources */,
				49BF494D2BC4B946005C52AE /* LoginVerificationViewModel.swift in Sources */,
				49BF49452BC4B929005C52AE /* LoginViewModel.swift in Sources */,
				49BF48F02BC4B136005C52AE /* CustomEmailTextField.swift in Sources */,
				4910C1052BB137DF00576A77 /* ParentalControlTests.swift in Sources */,
				49BF49142BC4B29F005C52AE /* ChildDashboardViewController.swift in Sources */,
				49BF49512BC4B950005C52AE /* OTPVerificationViewModel.swift in Sources */,
				49BF49332BC4B66C005C52AE /* UserParentSelectionView.swift in Sources */,
				49BF49172BC4B29F005C52AE /* ParentDashboardViewController.swift in Sources */,
				49BF495A2BC4B9CF005C52AE /* LoginModel.swift in Sources */,
				49BF49562BC4B9C9005C52AE /* LoginVerificationModel.swift in Sources */,
				49BF495E2BC4B9D8005C52AE /* OTPVerificationModel.swift in Sources */,
				49BF493B2BC4B68C005C52AE /* UserChildSelectionView.swift in Sources */,
				49BF48F82BC4B151005C52AE /* CustomPasswordTextField.swift in Sources */,
				49BF49112BC4B29F005C52AE /* ChildDashboardStatsView.swift in Sources */,
			);
			runOnlyForDeploymentPostprocessing = 0;
		};
		4910C1062BB137DF00576A77 /* Sources */ = {
			isa = PBXSourcesBuildPhase;
			buildActionMask = 2147483647;
			files = (
				49BF48F12BC4B136005C52AE /* CustomEmailTextField.swift in Sources */,
				49BF49522BC4B950005C52AE /* OTPVerificationViewModel.swift in Sources */,
				4910C10F2BB137DF00576A77 /* ParentalControlUITests.swift in Sources */,
				49BF49632BC4BA1B005C52AE /* LoginNetworkManager.swift in Sources */,
				49BF48CB2BC4B0A2005C52AE /* LoggedInViewController.swift in Sources */,
				49BF49182BC4B29F005C52AE /* ParentDashboardViewController.swift in Sources */,
				49BF495B2BC4B9CF005C52AE /* LoginModel.swift in Sources */,
				49BF49342BC4B66C005C52AE /* UserParentSelectionView.swift in Sources */,
				4910C1112BB137DF00576A77 /* ParentalControlUITestsLaunchTests.swift in Sources */,
				49BF49572BC4B9C9005C52AE /* LoginVerificationModel.swift in Sources */,
				49BF49152BC4B29F005C52AE /* ChildDashboardViewController.swift in Sources */,
				49BF490F2BC4B29F005C52AE /* ParentDashboardStatsView.swift in Sources */,
				49BF494E2BC4B946005C52AE /* LoginVerificationViewModel.swift in Sources */,
				49BF495F2BC4B9D8005C52AE /* OTPVerificationModel.swift in Sources */,
				49BF49462BC4B929005C52AE /* LoginViewModel.swift in Sources */,
				49BF48F92BC4B151005C52AE /* CustomPasswordTextField.swift in Sources */,
				49BF493C2BC4B68C005C52AE /* UserChildSelectionView.swift in Sources */,
				49BF49122BC4B29F005C52AE /* ChildDashboardStatsView.swift in Sources */,
			);
			runOnlyForDeploymentPostprocessing = 0;
		};
/* End PBXSourcesBuildPhase section */

/* Begin PBXTargetDependency section */
		4910C1022BB137DF00576A77 /* PBXTargetDependency */ = {
			isa = PBXTargetDependency;
			target = 4910C0E62BB137DD00576A77 /* ParentalControl */;
			targetProxy = 4910C1012BB137DF00576A77 /* PBXContainerItemProxy */;
		};
		4910C10C2BB137DF00576A77 /* PBXTargetDependency */ = {
			isa = PBXTargetDependency;
			target = 4910C0E62BB137DD00576A77 /* ParentalControl */;
			targetProxy = 4910C10B2BB137DF00576A77 /* PBXContainerItemProxy */;
		};
/* End PBXTargetDependency section */

/* Begin PBXVariantGroup section */
		4910C0F02BB137DD00576A77 /* Main.storyboard */ = {
			isa = PBXVariantGroup;
			children = (
				4910C0F12BB137DD00576A77 /* Base */,
			);
			name = Main.storyboard;
			sourceTree = "<group>";
		};
		4910C0F82BB137DF00576A77 /* LaunchScreen.storyboard */ = {
			isa = PBXVariantGroup;
			children = (
				4910C0F92BB137DF00576A77 /* Base */,
			);
			name = LaunchScreen.storyboard;
			sourceTree = "<group>";
		};
/* End PBXVariantGroup section */

/* Begin XCBuildConfiguration section */
		4910C1122BB137DF00576A77 /* Debug */ = {
			isa = XCBuildConfiguration;
			buildSettings = {
				ALWAYS_SEARCH_USER_PATHS = NO;
				ASSETCATALOG_COMPILER_GENERATE_SWIFT_ASSET_SYMBOL_EXTENSIONS = YES;
				CLANG_ANALYZER_NONNULL = YES;
				CLANG_ANALYZER_NUMBER_OBJECT_CONVERSION = YES_AGGRESSIVE;
				CLANG_CXX_LANGUAGE_STANDARD = "gnu++20";
				CLANG_ENABLE_MODULES = YES;
				CLANG_ENABLE_OBJC_ARC = YES;
				CLANG_ENABLE_OBJC_WEAK = YES;
				CLANG_WARN_BLOCK_CAPTURE_AUTORELEASING = YES;
				CLANG_WARN_BOOL_CONVERSION = YES;
				CLANG_WARN_COMMA = YES;
				CLANG_WARN_CONSTANT_CONVERSION = YES;
				CLANG_WARN_DEPRECATED_OBJC_IMPLEMENTATIONS = YES;
				CLANG_WARN_DIRECT_OBJC_ISA_USAGE = YES_ERROR;
				CLANG_WARN_DOCUMENTATION_COMMENTS = YES;
				CLANG_WARN_EMPTY_BODY = YES;
				CLANG_WARN_ENUM_CONVERSION = YES;
				CLANG_WARN_INFINITE_RECURSION = YES;
				CLANG_WARN_INT_CONVERSION = YES;
				CLANG_WARN_NON_LITERAL_NULL_CONVERSION = YES;
				CLANG_WARN_OBJC_IMPLICIT_RETAIN_SELF = YES;
				CLANG_WARN_OBJC_LITERAL_CONVERSION = YES;
				CLANG_WARN_OBJC_ROOT_CLASS = YES_ERROR;
				CLANG_WARN_QUOTED_INCLUDE_IN_FRAMEWORK_HEADER = YES;
				CLANG_WARN_RANGE_LOOP_ANALYSIS = YES;
				CLANG_WARN_STRICT_PROTOTYPES = YES;
				CLANG_WARN_SUSPICIOUS_MOVE = YES;
				CLANG_WARN_UNGUARDED_AVAILABILITY = YES_AGGRESSIVE;
				CLANG_WARN_UNREACHABLE_CODE = YES;
				CLANG_WARN__DUPLICATE_METHOD_MATCH = YES;
				COPY_PHASE_STRIP = NO;
				DEBUG_INFORMATION_FORMAT = dwarf;
				ENABLE_STRICT_OBJC_MSGSEND = YES;
				ENABLE_TESTABILITY = YES;
				ENABLE_USER_SCRIPT_SANDBOXING = YES;
				GCC_C_LANGUAGE_STANDARD = gnu17;
				GCC_DYNAMIC_NO_PIC = NO;
				GCC_NO_COMMON_BLOCKS = YES;
				GCC_OPTIMIZATION_LEVEL = 0;
				GCC_PREPROCESSOR_DEFINITIONS = (
					"DEBUG=1",
					"$(inherited)",
				);
				GCC_WARN_64_TO_32_BIT_CONVERSION = YES;
				GCC_WARN_ABOUT_RETURN_TYPE = YES_ERROR;
				GCC_WARN_UNDECLARED_SELECTOR = YES;
				GCC_WARN_UNINITIALIZED_AUTOS = YES_AGGRESSIVE;
				GCC_WARN_UNUSED_FUNCTION = YES;
				GCC_WARN_UNUSED_VARIABLE = YES;
				IPHONEOS_DEPLOYMENT_TARGET = 17.2;
				LOCALIZATION_PREFERS_STRING_CATALOGS = YES;
				MTL_ENABLE_DEBUG_INFO = INCLUDE_SOURCE;
				MTL_FAST_MATH = YES;
				ONLY_ACTIVE_ARCH = YES;
				SDKROOT = iphoneos;
				SWIFT_ACTIVE_COMPILATION_CONDITIONS = "DEBUG $(inherited)";
				SWIFT_OPTIMIZATION_LEVEL = "-Onone";
			};
			name = Debug;
		};
		4910C1132BB137DF00576A77 /* Release */ = {
			isa = XCBuildConfiguration;
			buildSettings = {
				ALWAYS_SEARCH_USER_PATHS = NO;
				ASSETCATALOG_COMPILER_GENERATE_SWIFT_ASSET_SYMBOL_EXTENSIONS = YES;
				CLANG_ANALYZER_NONNULL = YES;
				CLANG_ANALYZER_NUMBER_OBJECT_CONVERSION = YES_AGGRESSIVE;
				CLANG_CXX_LANGUAGE_STANDARD = "gnu++20";
				CLANG_ENABLE_MODULES = YES;
				CLANG_ENABLE_OBJC_ARC = YES;
				CLANG_ENABLE_OBJC_WEAK = YES;
				CLANG_WARN_BLOCK_CAPTURE_AUTORELEASING = YES;
				CLANG_WARN_BOOL_CONVERSION = YES;
				CLANG_WARN_COMMA = YES;
				CLANG_WARN_CONSTANT_CONVERSION = YES;
				CLANG_WARN_DEPRECATED_OBJC_IMPLEMENTATIONS = YES;
				CLANG_WARN_DIRECT_OBJC_ISA_USAGE = YES_ERROR;
				CLANG_WARN_DOCUMENTATION_COMMENTS = YES;
				CLANG_WARN_EMPTY_BODY = YES;
				CLANG_WARN_ENUM_CONVERSION = YES;
				CLANG_WARN_INFINITE_RECURSION = YES;
				CLANG_WARN_INT_CONVERSION = YES;
				CLANG_WARN_NON_LITERAL_NULL_CONVERSION = YES;
				CLANG_WARN_OBJC_IMPLICIT_RETAIN_SELF = YES;
				CLANG_WARN_OBJC_LITERAL_CONVERSION = YES;
				CLANG_WARN_OBJC_ROOT_CLASS = YES_ERROR;
				CLANG_WARN_QUOTED_INCLUDE_IN_FRAMEWORK_HEADER = YES;
				CLANG_WARN_RANGE_LOOP_ANALYSIS = YES;
				CLANG_WARN_STRICT_PROTOTYPES = YES;
				CLANG_WARN_SUSPICIOUS_MOVE = YES;
				CLANG_WARN_UNGUARDED_AVAILABILITY = YES_AGGRESSIVE;
				CLANG_WARN_UNREACHABLE_CODE = YES;
				CLANG_WARN__DUPLICATE_METHOD_MATCH = YES;
				COPY_PHASE_STRIP = NO;
				DEBUG_INFORMATION_FORMAT = "dwarf-with-dsym";
				ENABLE_NS_ASSERTIONS = NO;
				ENABLE_STRICT_OBJC_MSGSEND = YES;
				ENABLE_USER_SCRIPT_SANDBOXING = YES;
				GCC_C_LANGUAGE_STANDARD = gnu17;
				GCC_NO_COMMON_BLOCKS = YES;
				GCC_WARN_64_TO_32_BIT_CONVERSION = YES;
				GCC_WARN_ABOUT_RETURN_TYPE = YES_ERROR;
				GCC_WARN_UNDECLARED_SELECTOR = YES;
				GCC_WARN_UNINITIALIZED_AUTOS = YES_AGGRESSIVE;
				GCC_WARN_UNUSED_FUNCTION = YES;
				GCC_WARN_UNUSED_VARIABLE = YES;
				IPHONEOS_DEPLOYMENT_TARGET = 17.2;
				LOCALIZATION_PREFERS_STRING_CATALOGS = YES;
				MTL_ENABLE_DEBUG_INFO = NO;
				MTL_FAST_MATH = YES;
				SDKROOT = iphoneos;
				SWIFT_COMPILATION_MODE = wholemodule;
				VALIDATE_PRODUCT = YES;
			};
			name = Release;
		};
		4910C1152BB137DF00576A77 /* Debug */ = {
			isa = XCBuildConfiguration;
			buildSettings = {
				ASSETCATALOG_COMPILER_APPICON_NAME = AppIcon;
				ASSETCATALOG_COMPILER_GLOBAL_ACCENT_COLOR_NAME = AccentColor;
				CODE_SIGN_STYLE = Automatic;
				CURRENT_PROJECT_VERSION = 1;
				DEVELOPMENT_TEAM = NNXP2RXWU7;
				GENERATE_INFOPLIST_FILE = YES;
				INFOPLIST_FILE = ParentalControl/Info.plist;
				INFOPLIST_KEY_UIApplicationSupportsIndirectInputEvents = YES;
				INFOPLIST_KEY_UILaunchStoryboardName = LaunchScreen;
				INFOPLIST_KEY_UIMainStoryboardFile = Main;
				INFOPLIST_KEY_UISupportedInterfaceOrientations_iPad = "UIInterfaceOrientationPortrait UIInterfaceOrientationPortraitUpsideDown UIInterfaceOrientationLandscapeLeft UIInterfaceOrientationLandscapeRight";
				INFOPLIST_KEY_UISupportedInterfaceOrientations_iPhone = "UIInterfaceOrientationPortrait UIInterfaceOrientationLandscapeLeft UIInterfaceOrientationLandscapeRight";
				LD_RUNPATH_SEARCH_PATHS = (
					"$(inherited)",
					"@executable_path/Frameworks",
				);
				MARKETING_VERSION = 1.0;
				PRODUCT_BUNDLE_IDENTIFIER = com.cloudtechservice.ParentalControl;
				PRODUCT_NAME = "$(TARGET_NAME)";
				SWIFT_EMIT_LOC_STRINGS = YES;
				SWIFT_VERSION = 5.0;
				TARGETED_DEVICE_FAMILY = "1,2";
			};
			name = Debug;
		};
		4910C1162BB137DF00576A77 /* Release */ = {
			isa = XCBuildConfiguration;
			buildSettings = {
				ASSETCATALOG_COMPILER_APPICON_NAME = AppIcon;
				ASSETCATALOG_COMPILER_GLOBAL_ACCENT_COLOR_NAME = AccentColor;
				CODE_SIGN_STYLE = Automatic;
				CURRENT_PROJECT_VERSION = 1;
				DEVELOPMENT_TEAM = NNXP2RXWU7;
				GENERATE_INFOPLIST_FILE = YES;
				INFOPLIST_FILE = ParentalControl/Info.plist;
				INFOPLIST_KEY_UIApplicationSupportsIndirectInputEvents = YES;
				INFOPLIST_KEY_UILaunchStoryboardName = LaunchScreen;
				INFOPLIST_KEY_UIMainStoryboardFile = Main;
				INFOPLIST_KEY_UISupportedInterfaceOrientations_iPad = "UIInterfaceOrientationPortrait UIInterfaceOrientationPortraitUpsideDown UIInterfaceOrientationLandscapeLeft UIInterfaceOrientationLandscapeRight";
				INFOPLIST_KEY_UISupportedInterfaceOrientations_iPhone = "UIInterfaceOrientationPortrait UIInterfaceOrientationLandscapeLeft UIInterfaceOrientationLandscapeRight";
				LD_RUNPATH_SEARCH_PATHS = (
					"$(inherited)",
					"@executable_path/Frameworks",
				);
				MARKETING_VERSION = 1.0;
				PRODUCT_BUNDLE_IDENTIFIER = com.cloudtechservice.ParentalControl;
				PRODUCT_NAME = "$(TARGET_NAME)";
				SWIFT_EMIT_LOC_STRINGS = YES;
				SWIFT_VERSION = 5.0;
				TARGETED_DEVICE_FAMILY = "1,2";
			};
			name = Release;
		};
		4910C1182BB137DF00576A77 /* Debug */ = {
			isa = XCBuildConfiguration;
			buildSettings = {
				ALWAYS_EMBED_SWIFT_STANDARD_LIBRARIES = YES;
				BUNDLE_LOADER = "$(TEST_HOST)";
				CODE_SIGN_STYLE = Automatic;
				CURRENT_PROJECT_VERSION = 1;
				DEVELOPMENT_TEAM = NNXP2RXWU7;
				GENERATE_INFOPLIST_FILE = YES;
				IPHONEOS_DEPLOYMENT_TARGET = 17.2;
				MARKETING_VERSION = 1.0;
				PRODUCT_BUNDLE_IDENTIFIER = com.cloudtechservice.ParentalControlTests;
				PRODUCT_NAME = "$(TARGET_NAME)";
				SWIFT_EMIT_LOC_STRINGS = NO;
				SWIFT_VERSION = 5.0;
				TARGETED_DEVICE_FAMILY = "1,2";
				TEST_HOST = "$(BUILT_PRODUCTS_DIR)/ParentalControl.app/$(BUNDLE_EXECUTABLE_FOLDER_PATH)/ParentalControl";
			};
			name = Debug;
		};
		4910C1192BB137DF00576A77 /* Release */ = {
			isa = XCBuildConfiguration;
			buildSettings = {
				ALWAYS_EMBED_SWIFT_STANDARD_LIBRARIES = YES;
				BUNDLE_LOADER = "$(TEST_HOST)";
				CODE_SIGN_STYLE = Automatic;
				CURRENT_PROJECT_VERSION = 1;
				DEVELOPMENT_TEAM = NNXP2RXWU7;
				GENERATE_INFOPLIST_FILE = YES;
				IPHONEOS_DEPLOYMENT_TARGET = 17.2;
				MARKETING_VERSION = 1.0;
				PRODUCT_BUNDLE_IDENTIFIER = com.cloudtechservice.ParentalControlTests;
				PRODUCT_NAME = "$(TARGET_NAME)";
				SWIFT_EMIT_LOC_STRINGS = NO;
				SWIFT_VERSION = 5.0;
				TARGETED_DEVICE_FAMILY = "1,2";
				TEST_HOST = "$(BUILT_PRODUCTS_DIR)/ParentalControl.app/$(BUNDLE_EXECUTABLE_FOLDER_PATH)/ParentalControl";
			};
			name = Release;
		};
		4910C11B2BB137DF00576A77 /* Debug */ = {
			isa = XCBuildConfiguration;
			buildSettings = {
				ALWAYS_EMBED_SWIFT_STANDARD_LIBRARIES = YES;
				CODE_SIGN_STYLE = Automatic;
				CURRENT_PROJECT_VERSION = 1;
				DEVELOPMENT_TEAM = NNXP2RXWU7;
				GENERATE_INFOPLIST_FILE = YES;
				MARKETING_VERSION = 1.0;
				PRODUCT_BUNDLE_IDENTIFIER = com.cloudtechservice.ParentalControlUITests;
				PRODUCT_NAME = "$(TARGET_NAME)";
				SWIFT_EMIT_LOC_STRINGS = NO;
				SWIFT_VERSION = 5.0;
				TARGETED_DEVICE_FAMILY = "1,2";
				TEST_TARGET_NAME = ParentalControl;
			};
			name = Debug;
		};
		4910C11C2BB137DF00576A77 /* Release */ = {
			isa = XCBuildConfiguration;
			buildSettings = {
				ALWAYS_EMBED_SWIFT_STANDARD_LIBRARIES = YES;
				CODE_SIGN_STYLE = Automatic;
				CURRENT_PROJECT_VERSION = 1;
				DEVELOPMENT_TEAM = NNXP2RXWU7;
				GENERATE_INFOPLIST_FILE = YES;
				MARKETING_VERSION = 1.0;
				PRODUCT_BUNDLE_IDENTIFIER = com.cloudtechservice.ParentalControlUITests;
				PRODUCT_NAME = "$(TARGET_NAME)";
				SWIFT_EMIT_LOC_STRINGS = NO;
				SWIFT_VERSION = 5.0;
				TARGETED_DEVICE_FAMILY = "1,2";
				TEST_TARGET_NAME = ParentalControl;
			};
			name = Release;
		};
/* End XCBuildConfiguration section */

/* Begin XCConfigurationList section */
		4910C0E22BB137DC00576A77 /* Build configuration list for PBXProject "ParentalControl" */ = {
			isa = XCConfigurationList;
			buildConfigurations = (
				4910C1122BB137DF00576A77 /* Debug */,
				4910C1132BB137DF00576A77 /* Release */,
			);
			defaultConfigurationIsVisible = 0;
			defaultConfigurationName = Release;
		};
		4910C1142BB137DF00576A77 /* Build configuration list for PBXNativeTarget "ParentalControl" */ = {
			isa = XCConfigurationList;
			buildConfigurations = (
				4910C1152BB137DF00576A77 /* Debug */,
				4910C1162BB137DF00576A77 /* Release */,
			);
			defaultConfigurationIsVisible = 0;
			defaultConfigurationName = Release;
		};
		4910C1172BB137DF00576A77 /* Build configuration list for PBXNativeTarget "ParentalControlTests" */ = {
			isa = XCConfigurationList;
			buildConfigurations = (
				4910C1182BB137DF00576A77 /* Debug */,
				4910C1192BB137DF00576A77 /* Release */,
			);
			defaultConfigurationIsVisible = 0;
			defaultConfigurationName = Release;
		};
		4910C11A2BB137DF00576A77 /* Build configuration list for PBXNativeTarget "ParentalControlUITests" */ = {
			isa = XCConfigurationList;
			buildConfigurations = (
				4910C11B2BB137DF00576A77 /* Debug */,
				4910C11C2BB137DF00576A77 /* Release */,
			);
			defaultConfigurationIsVisible = 0;
			defaultConfigurationName = Release;
		};
/* End XCConfigurationList section */

/* Begin XCVersionGroup section */
		4910C0F32BB137DD00576A77 /* ParentalControl.xcdatamodeld */ = {
			isa = XCVersionGroup;
			children = (
				4910C0F42BB137DD00576A77 /* ParentalControl.xcdatamodel */,
			);
			currentVersion = 4910C0F42BB137DD00576A77 /* ParentalControl.xcdatamodel */;
			path = ParentalControl.xcdatamodeld;
			sourceTree = "<group>";
			versionGroupType = wrapper.xcdatamodel;
		};
/* End XCVersionGroup section */
	};
	rootObject = 4910C0DF2BB137DC00576A77 /* Project object */;
}
